hash: 353fd9f8c50cc2d6f7a0eca6b6ee60c59e8e0153bf60c2da8c6095aa6ecbf405
updated: 2018-10-14T22:02:45.893989488-04:00
imports:
- name: github.com/Azure/go-ansiterm
  version: 19f72df4d05d31cbe1c56bfc8045c96babff6c7e
  subpackages:
  - winterm
- name: github.com/blang/semver
  version: b38d23b8782a487059e8fc8773e9a5b228a77cb6
- name: github.com/BurntSushi/toml
  version: 3012a1dbe2e4bd1391d42b32f0577cb7bbc7f005
- name: github.com/certifi/gocertifi
  version: ee1a9a0726d2ae45f54118cac878c990d4016ded
- name: github.com/containerd/continuity
  version: be9bd761db19d4fc551d40be908f02e00487511d
  subpackages:
  - pathdriver
- name: github.com/containernetworking/cni
  version: a7885cb6f8ab03fba07852ded351e4f5e7a112bf
  subpackages:
  - libcni
  - pkg/invoke
  - pkg/types
  - pkg/types/020
  - pkg/types/current
  - pkg/version
- name: github.com/containers/buildah
  version: fd2a215948bd20f3629dfe86c6a2ec8902e77dea
  subpackages:
  - bind
  - chroot
  - docker
  - imagebuildah
  - unshare
  - util
- name: github.com/containers/image
  version: 57ade1d29cc059646492bf56c2eb229c68b3c934
  repo: https://github.com/nalind/image
  subpackages:
  - copy
  - directory
  - directory/explicitfilepath
  - docker
  - docker/archive
  - docker/daemon
  - docker/policyconfiguration
  - docker/reference
  - docker/tarfile
  - image
  - internal/tmpdir
  - manifest
  - oci/archive
  - oci/internal
  - oci/layout
  - openshift
  - ostree
  - pkg/compression
  - pkg/docker/config
  - pkg/strslice
  - pkg/sysregistries
  - pkg/sysregistriesv2
  - pkg/tlsclientconfig
  - signature
  - storage
  - tarball
  - transports
  - transports/alltransports
  - types
  - version
- name: github.com/containers/libpod
  version: 2c4f3d6dad524ce9886b044ea7a22df05043264c
  subpackages:
  - pkg/chrootuser
  - pkg/rootless
  - pkg/secrets
- name: github.com/containers/storage
  version: 02db7cbb0bb082681f9855131fec8c8e1a3f4cb6
  subpackages:
  - drivers
  - drivers/aufs
  - drivers/btrfs
  - drivers/devmapper
  - drivers/overlay
  - drivers/overlayutils
  - drivers/quota
  - drivers/register
  - drivers/vfs
  - drivers/windows
  - drivers/zfs
  - pkg/archive
  - pkg/chrootarchive
  - pkg/devicemapper
  - pkg/directory
  - pkg/dmesg
  - pkg/fileutils
  - pkg/fsutils
  - pkg/homedir
  - pkg/idtools
  - pkg/ioutils
  - pkg/locker
  - pkg/longpath
  - pkg/loopback
  - pkg/mount
  - pkg/ostree
  - pkg/parsers
  - pkg/parsers/kernel
  - pkg/pools
  - pkg/promise
  - pkg/reexec
  - pkg/stringid
  - pkg/stringutils
  - pkg/system
  - pkg/truncindex
- name: github.com/davecgh/go-spew
  version: 782f4967f2dc4564575ca782fe2d04090b5faca8
  subpackages:
  - spew
- name: github.com/docker/distribution
  version: edc3ab29cdff8694dd6feb85cfeb4b5f1b38ed9c
  subpackages:
  - context
  - digestset
  - reference
  - registry/api/errcode
  - registry/api/v2
  - registry/client
  - registry/client/auth/challenge
  - registry/client/transport
  - registry/storage/cache
  - registry/storage/cache/memory
  - uuid
- name: github.com/docker/docker
  version: 39377bb96d459d2ef59bd2bad75468638a7f86a3
  repo: https://github.com/nalind/docker.git
  subpackages:
  - api
  - api/types
  - api/types/blkiodev
  - api/types/container
  - api/types/events
  - api/types/filters
  - api/types/image
  - api/types/mount
  - api/types/network
  - api/types/registry
  - api/types/strslice
  - api/types/swarm
  - api/types/swarm/runtime
  - api/types/time
  - api/types/versions
  - api/types/volume
  - builder/dockerfile/command
  - builder/dockerfile/parser
  - cli/config
  - client
  - opts
  - pkg/archive
  - pkg/fileutils
  - pkg/homedir
  - pkg/idtools
  - pkg/ioutils
  - pkg/jsonmessage
  - pkg/longpath
  - pkg/mount
  - pkg/pools
  - pkg/signal
  - pkg/stdcopy
  - pkg/system
  - pkg/term
  - pkg/term/windows
- name: github.com/docker/docker-credential-helpers
  version: 123ba1b7cd646aaee13ba2e028b7c268db72e2b2
  subpackages:
  - client
  - credentials
- name: github.com/docker/go-connections
  version: 3ede32e2033de7505e6500d6c868c2b9ed9f169d
  subpackages:
  - nat
  - sockets
  - tlsconfig
- name: github.com/docker/go-units
  version: 9e638d38cf6977a37a8ea0078f3ee75a7cdb2dd1
- name: github.com/docker/libtrust
  version: 9cbd2a1374f46905c68a4eb3694a130610adc62a
- name: github.com/docker/spdystream
  version: 449fdfce4d962303d702fec724ef0ad181c92528
  subpackages:
  - spdy
- name: github.com/evanphx/json-patch
  version: 94e38aa1586e8a6c8a75770bddf5ff84c48a106b
- name: github.com/exponent-io/jsonpath
  version: d6023ce2651d8eafb5c75bb0c7167536102ec9f5
- name: github.com/fatih/camelcase
  version: f6a740d52f961c60348ebb109adde9f4635d7540
- name: github.com/fsouza/go-dockerclient
  version: 7511300f03c521cfc8e07e88ea8c915add790f50
  repo: https://github.com/openshift/go-dockerclient.git
- name: github.com/getsentry/raven-go
  version: 32a13797442ccb601b11761d74232773c1402d14
- name: github.com/ghodss/yaml
  version: 73d445a93680fa1a78ae23a5839bad48f32ba1ee
- name: github.com/go-openapi/jsonpointer
  version: 46af16f9f7b149af66e5d1bd010e3574dc06de98
- name: github.com/go-openapi/jsonreference
  version: 13c6e3589ad90f49bd3e3bbe2c2cb3d7a4142272
- name: github.com/go-openapi/spec
  version: 1de3e0542de65ad8d75452a595886fdd0befb363
- name: github.com/go-openapi/swag
  version: f3f9494671f93fcff853e3c6e9e948b3eb71e590
- name: github.com/gogo/protobuf
  version: c0656edd0d9eab7c66d1eb0c568f9039345796f7
  subpackages:
  - proto
  - sortkeys
- name: github.com/golang/glog
  version: 23def4e6c14b4da8ac2ed8007337bc5eb5007998
- name: github.com/golang/groupcache
  version: 02826c3e79038b59d737d3b1c0a1d937f71a4433
  subpackages:
  - lru
- name: github.com/golang/protobuf
  version: b4deda0973fb4c70b50d226b1af49f3da59f5265
  subpackages:
  - proto
  - ptypes
  - ptypes/any
  - ptypes/duration
  - ptypes/timestamp
- name: github.com/google/btree
  version: 7d79101e329e5a3adf994758c578dab82b90c017
- name: github.com/google/gofuzz
  version: 44d81051d367757e1c7c6a5a86423ece9afcf63c
- name: github.com/googleapis/gnostic
  version: 0c5108395e2debce0d731cf0287ddf7242066aba
  subpackages:
  - OpenAPIv2
  - compiler
  - extensions
- name: github.com/gorilla/mux
  version: deb579d6e030503f430978ee229008b9bc912d40
- name: github.com/gregjones/httpcache
  version: 787624de3eb7bd915c329cba748687a3b22666a6
  subpackages:
  - diskcache
- name: github.com/hashicorp/errwrap
  version: 7554cd9344cec97297fa6649b055a8c98c2a1e55
- name: github.com/hashicorp/go-multierror
  version: ed905158d87462226a13fe39ddf685ea65f1c11f
- name: github.com/hashicorp/golang-lru
  version: a0d98a5f288019575c6d1f4bb1573fef2d1fcdc4
  subpackages:
  - simplelru
- name: github.com/imdario/mergo
  version: 6633656539c1639d9d78127b7d47c622b5d7b6dc
- name: github.com/inconshreveable/mousetrap
  version: 76626ae9c91c4f2a10f34cad8ce83ea42c93bb75
- name: github.com/json-iterator/go
  version: f2b4162afba35581b6d4a50d3b8f34e33c144682
- name: github.com/konsorten/go-windows-terminal-sequences
  version: 5c8c8bd35d3832f5d134ae1e1e375b69a4d25242
- name: github.com/mailru/easyjson
  version: 2f5df55504ebc322e4d52d34df6a1f5b503bf26d
  subpackages:
  - buffer
  - jlexer
  - jwriter
- name: github.com/MakeNowJust/heredoc
  version: bb23615498cded5e105af4ce27de75b089cbe851
- name: github.com/mattn/go-runewidth
  version: ce7b0b5c7b45a81508558cd1dba6bb1e4ddb51bb
- name: github.com/mattn/go-shellwords
  version: f8471b0a71ded0ab910825ee2cf230f25de000f1
- name: github.com/Microsoft/go-winio
  version: 78439966b38d69bf38227fbf57ac8a6fee70f69a
  subpackages:
  - archive/tar
  - backuptar
- name: github.com/Microsoft/hcsshim
  version: 800683ae704ac360b2f3f47fa88f3a6c8c9091b5
- name: github.com/mistifyio/go-zfs
  version: 1b4ae6fb4e77b095934d4430860ff202060169f8
- name: github.com/mitchellh/go-wordwrap
  version: ad45545899c7b13c020ea92b2072220eefad42b8
- name: github.com/modern-go/concurrent
  version: bacd9c7ef1dd9b15be4a9909b8ac7a4e313eec94
- name: github.com/modern-go/reflect2
  version: 05fbef0ca5da472bbf96c9322b84a53edc03c9fd
- name: github.com/mtrmac/gpgme
  version: b2432428689ca58c2b8e8dea9449d3295cf96fc9
- name: github.com/Nvveen/Gotty
  version: cd527374f1e5bff4938207604a14f2e38a9cf512
- name: github.com/opencontainers/go-digest
  version: c9281466c8b2f606084ac71339773efd177436e7
- name: github.com/opencontainers/image-spec
  version: 372ad780f63454fbbbbcc7cf80e5b90245c13e13
  subpackages:
  - specs-go
  - specs-go/v1
- name: github.com/opencontainers/runc
  version: 871ba2e58e24314d1fab4517a80410191ba5ad01
  subpackages:
  - libcontainer/apparmor
  - libcontainer/cgroups
  - libcontainer/configs
  - libcontainer/system
  - libcontainer/user
- name: github.com/opencontainers/runtime-spec
  version: 5806c35637336642129d03657419829569abc5aa
  subpackages:
  - specs-go
- name: github.com/opencontainers/runtime-tools
  version: 1d69bd0f9c39677d0630e50664fbc3154ae61b88
  subpackages:
  - error
  - filepath
  - generate
  - generate/seccomp
  - specerror
  - validate
- name: github.com/opencontainers/selinux
  version: b6fa367ed7f534f9ba25391cc2d467085dbb445a
  subpackages:
  - go-selinux
  - go-selinux/label
- name: github.com/openshift/api
  version: 8c94a0d082abb4111a0e8981b7f463dd578878d3
  subpackages:
  - build/v1
- name: github.com/openshift/client-go
  version: 431ec9a26e5021f35fa41ee9a89842db9bfdb370
  subpackages:
  - build/clientset/versioned
  - build/clientset/versioned/fake
  - build/clientset/versioned/scheme
  - build/clientset/versioned/typed/build/v1
  - build/clientset/versioned/typed/build/v1/fake
- name: github.com/openshift/imagebuilder
  version: fbd4f31c568b767447302e08fb3531b33bcbf837
  subpackages:
  - dockerclient
  - imageprogress
  - signal
  - strslice
- name: github.com/openshift/library-go
  version: c01b3a0b77b43b7de296d5a0df884da60a16d907
  subpackages:
  - pkg/git
  - pkg/image/internal/digest
  - pkg/image/internal/reference
  - pkg/image/reference
  - pkg/serviceability
- name: github.com/openshift/origin
  version: d6507c9d6e772488096ded4b01738ad5662c0eed
  subpackages:
  - pkg/api/apihelpers
  - pkg/build/apis/build
- name: github.com/openshift/source-to-image
  version: 2a783420bb648df7bdd7e1fbf99b8e53bbe4e415
  subpackages:
  - pkg/api
  - pkg/api/constants
  - pkg/api/describe
  - pkg/api/validation
  - pkg/build
  - pkg/build/strategies
  - pkg/build/strategies/dockerfile
  - pkg/build/strategies/layered
  - pkg/build/strategies/onbuild
  - pkg/build/strategies/sti
  - pkg/docker
  - pkg/errors
  - pkg/ignore
  - pkg/scm
  - pkg/scm/downloaders/empty
  - pkg/scm/downloaders/file
  - pkg/scm/downloaders/git
  - pkg/scm/git
  - pkg/scripts
  - pkg/tar
  - pkg/util
  - pkg/util/cmd
  - pkg/util/cygpath
  - pkg/util/fs
  - pkg/util/glog
  - pkg/util/interrupt
  - pkg/util/status
  - pkg/util/user
- name: github.com/ostreedev/ostree-go
  version: 91b24799c9c0a725e1ca7a731b8e080889f0f111
  subpackages:
  - pkg/glibobject
  - pkg/otbuiltin
- name: github.com/pborman/uuid
  version: ca53cad383cad2479bbba7f7a1a05797ec1386e4
- name: github.com/peterbourgon/diskv
  version: 5f041e8faa004a95c88a202771f4cc3e991971e6
- name: github.com/pkg/errors
  version: 2233dee583dcf88f3c8b22cb7a33f05a499800d8
- name: github.com/pkg/profile
  version: 057bc52a47ec3c79498dda63f4a6f8298725e976
- name: github.com/pquerna/ffjson
  version: af8b230fcd2007c7095168ca8ab94c68b60840c6
  subpackages:
  - fflib/v1
  - fflib/v1/internal
- name: github.com/prometheus/client_golang
  version: 7866eead363ec334628dbc56e32df590a05f4696
  subpackages:
  - prometheus
- name: github.com/PuerkitoBio/purell
  version: 8a290539e2e8629dbc4e6bad948158f790ec31f4
- name: github.com/PuerkitoBio/urlesc
  version: 5bd2802263f21d8788851d5305584c82a5c75d7e
- name: github.com/russross/blackfriday
  version: 300106c228d52c8941d4b3de6054a6062a86dda3
- name: github.com/seccomp/containers-golang
  version: cdfdaa7543f425678b2f4902a38f2f60994c5bb9
- name: github.com/seccomp/libseccomp-golang
  version: 1b506fc7c24eec5a3693cdcbed40d9c226cfc6a1
- name: github.com/shurcooL/sanitized_anchor_name
  version: 10ef21a441db47d8b13ebcc5fd2310f636973c77
- name: github.com/sirupsen/logrus
  version: 458213699411cdceb6fd839a3178be49c01fba54
- name: github.com/spf13/cobra
  version: 8d114be902bc9f08717804830a55c48378108a28
- name: github.com/spf13/pflag
  version: 583c0c0531f06d5278b7d917446061adc344b5cd
- name: github.com/syndtr/gocapability
  version: e7cb7fa329f456b3855136a2642b197bad7366ba
  subpackages:
  - capability
- name: github.com/tchap/go-patricia
  version: 5ad6cdb7538b0097d5598c7e57f0a24072adf7dc
  subpackages:
  - patricia
- name: github.com/ulikunitz/xz
  version: 636d36a76670e6c700f22fd5f4588679ff2896c4
  subpackages:
  - internal/hash
  - internal/xlog
  - lzma
- name: github.com/vbatts/tar-split
  version: 61b49a82bb343c846b8dd388c20187c7b3f3c7b5
  subpackages:
  - archive/tar
  - tar/asm
  - tar/storage
- name: github.com/xeipuuv/gojsonpointer
  version: 6fe8760cad3569743d51ddbb243b26f8456742dc
- name: github.com/xeipuuv/gojsonreference
  version: e02fc20de94c78484cd5ffb007f8af96be030a45
- name: github.com/xeipuuv/gojsonschema
  version: 0c8571ac0ce161a5feb57375a9cdf148c98c0f70
- name: golang.org/x/crypto
  version: 49796115aa4b964c318aad4f3084fdb41e9aa067
  subpackages:
  - bcrypt
  - blowfish
  - cast5
  - ed25519
  - ed25519/internal/edwards25519
  - nacl/secretbox
  - openpgp
  - openpgp/armor
  - openpgp/elgamal
  - openpgp/errors
  - openpgp/packet
  - openpgp/s2k
  - poly1305
  - salsa20/salsa
  - ssh/terminal
- name: golang.org/x/net
  version: 1c05540f6879653db88113bc4a2b70aec4bd491f
  subpackages:
  - context
  - context/ctxhttp
  - html
  - html/atom
  - http2
  - http2/hpack
  - idna
  - lex/httplex
  - proxy
  - websocket
- name: golang.org/x/sys
  version: d641721ec2dead6fe5ca284096fe4b1fcd49e427
  subpackages:
  - unix
  - windows
- name: golang.org/x/text
  version: b19bf474d317b857955b12035d2c5acb57ce8b01
  subpackages:
  - cases
  - encoding
  - encoding/internal
  - encoding/internal/identifier
  - encoding/unicode
  - internal
  - internal/tag
  - internal/utf8internal
  - language
  - runes
  - secure/bidirule
  - secure/precis
  - transform
  - unicode/bidi
  - unicode/norm
  - width
- name: golang.org/x/time
  version: f51c12702a4d776e4c1fa9b0fabab841babae631
  subpackages:
  - rate
- name: gopkg.in/cheggaaa/pb.v1
  version: 2af8bbdea9e99e83b3ac400d8f6b6d1b8cbbf338
- name: gopkg.in/inf.v0
  version: 3887ee99ecf07df5b447e9b00d9c0b2adaa9f3e4
- name: gopkg.in/square/go-jose.v2
  version: f8f38de21b4dcd69d0413faf231983f5fd6634b1
  subpackages:
  - cipher
  - json
  - jwt
- name: gopkg.in/yaml.v2
  version: 670d4cfef0544295bc27a114dbac37980d83185a
- name: k8s.io/api
  version: 2d6f90ab1293a1fb871cf149423ebb72aa7423aa
  repo: https://github.com/openshift/kubernetes-api.git
  subpackages:
  - admission/v1beta1
  - admissionregistration/v1alpha1
  - admissionregistration/v1beta1
  - apps/v1
  - apps/v1beta1
  - apps/v1beta2
  - authentication/v1
  - authentication/v1beta1
  - authorization/v1
  - authorization/v1beta1
  - autoscaling/v1
  - autoscaling/v2beta1
  - batch/v1
  - batch/v1beta1
  - batch/v2alpha1
  - certificates/v1beta1
  - core/v1
  - events/v1beta1
  - extensions/v1beta1
  - imagepolicy/v1alpha1
  - networking/v1
  - policy/v1beta1
  - rbac/v1
  - rbac/v1alpha1
  - rbac/v1beta1
  - scheduling/v1alpha1
  - scheduling/v1beta1
  - settings/v1alpha1
  - storage/v1
  - storage/v1alpha1
  - storage/v1beta1
- name: k8s.io/apiextensions-apiserver
  version: 06dfdaae5c2bd89e1243151ff65b9bf8ee050f28
  subpackages:
  - pkg/features
- name: k8s.io/apimachinery
  version: 0b908666f6c964370af24212f499d77109c65937
  repo: https://github.com/openshift/kubernetes-apimachinery.git
  subpackages:
  - pkg/api/equality
  - pkg/api/errors
  - pkg/api/meta
  - pkg/api/resource
  - pkg/api/validation
  - pkg/api/validation/path
  - pkg/apis/meta/internalversion
  - pkg/apis/meta/v1
  - pkg/apis/meta/v1/unstructured
  - pkg/apis/meta/v1/unstructured/unstructuredscheme
  - pkg/apis/meta/v1/validation
  - pkg/apis/meta/v1beta1
  - pkg/conversion
  - pkg/conversion/queryparams
  - pkg/fields
  - pkg/labels
  - pkg/runtime
  - pkg/runtime/schema
  - pkg/runtime/serializer
  - pkg/runtime/serializer/json
  - pkg/runtime/serializer/protobuf
  - pkg/runtime/serializer/recognizer
  - pkg/runtime/serializer/streaming
  - pkg/runtime/serializer/versioning
  - pkg/selection
  - pkg/types
  - pkg/util/cache
  - pkg/util/clock
  - pkg/util/diff
  - pkg/util/duration
  - pkg/util/errors
  - pkg/util/framer
  - pkg/util/httpstream
  - pkg/util/httpstream/spdy
  - pkg/util/intstr
  - pkg/util/json
  - pkg/util/mergepatch
  - pkg/util/naming
  - pkg/util/net
  - pkg/util/rand
  - pkg/util/remotecommand
  - pkg/util/runtime
  - pkg/util/sets
  - pkg/util/strategicpatch
  - pkg/util/uuid
  - pkg/util/validation
  - pkg/util/validation/field
  - pkg/util/wait
  - pkg/util/yaml
  - pkg/version
  - pkg/watch
  - third_party/forked/golang/json
  - third_party/forked/golang/netutil
  - third_party/forked/golang/reflect
- name: k8s.io/apiserver
  version: 10f1ab2357d4fc15527540fd7d7953ba8e6c98e3
  repo: https://github.com/openshift/kubernetes-apiserver.git
  subpackages:
  - pkg/apis/audit
  - pkg/authentication/authenticator
  - pkg/authentication/serviceaccount
  - pkg/authentication/user
  - pkg/endpoints/request
  - pkg/features
  - pkg/util/feature
  - pkg/util/logs
- name: k8s.io/client-go
  version: 427190a5c8fb757089de86d5081f2e058408d217
  repo: https://github.com/openshift/kubernetes-client-go.git
  subpackages:
  - discovery
  - discovery/fake
  - dynamic
  - kubernetes
  - kubernetes/scheme
  - kubernetes/typed/admissionregistration/v1alpha1
  - kubernetes/typed/admissionregistration/v1beta1
  - kubernetes/typed/apps/v1
  - kubernetes/typed/apps/v1beta1
  - kubernetes/typed/apps/v1beta2
  - kubernetes/typed/authentication/v1
  - kubernetes/typed/authentication/v1beta1
  - kubernetes/typed/authorization/v1
  - kubernetes/typed/authorization/v1beta1
  - kubernetes/typed/autoscaling/v1
  - kubernetes/typed/autoscaling/v2beta1
  - kubernetes/typed/batch/v1
  - kubernetes/typed/batch/v1beta1
  - kubernetes/typed/batch/v2alpha1
  - kubernetes/typed/certificates/v1beta1
  - kubernetes/typed/core/v1
  - kubernetes/typed/events/v1beta1
  - kubernetes/typed/extensions/v1beta1
  - kubernetes/typed/networking/v1
  - kubernetes/typed/policy/v1beta1
  - kubernetes/typed/rbac/v1
  - kubernetes/typed/rbac/v1alpha1
  - kubernetes/typed/rbac/v1beta1
  - kubernetes/typed/scheduling/v1alpha1
  - kubernetes/typed/scheduling/v1beta1
  - kubernetes/typed/settings/v1alpha1
  - kubernetes/typed/storage/v1
  - kubernetes/typed/storage/v1alpha1
  - kubernetes/typed/storage/v1beta1
  - listers/apps/v1
  - listers/core/v1
  - pkg/apis/clientauthentication
  - pkg/apis/clientauthentication/v1alpha1
  - pkg/apis/clientauthentication/v1beta1
  - pkg/version
  - plugin/pkg/client/auth/exec
  - rest
  - rest/watch
  - restmapper
  - scale
  - scale/scheme
  - scale/scheme/appsint
  - scale/scheme/appsv1beta1
  - scale/scheme/appsv1beta2
  - scale/scheme/autoscalingv1
  - scale/scheme/extensionsint
  - scale/scheme/extensionsv1beta1
  - testing
  - third_party/forked/golang/template
  - tools/auth
  - tools/cache
  - tools/clientcmd
  - tools/clientcmd/api
  - tools/clientcmd/api/latest
  - tools/clientcmd/api/v1
  - tools/metrics
  - tools/pager
  - tools/record
  - tools/reference
  - tools/remotecommand
  - transport
  - transport/spdy
  - util/buffer
  - util/cert
  - util/connrotation
  - util/exec
  - util/flowcontrol
  - util/homedir
  - util/integer
  - util/jsonpath
  - util/retry
- name: k8s.io/kube-openapi
  version: 91cfa479c814065e420cee7ed227db0f63a5854e
  subpackages:
  - pkg/util/proto
  - pkg/util/proto/validation
- name: k8s.io/kubernetes
  version: 10e908aab32fc64c28d5a7f687527b1ea0d432cc
  repo: https://github.com/openshift/kubernetes.git
  subpackages:
  - pkg/api/events
  - pkg/api/legacyscheme
  - pkg/api/pod
  - pkg/api/ref
  - pkg/api/resource
  - pkg/api/service
  - pkg/api/v1/pod
  - pkg/apis/admissionregistration
  - pkg/apis/admissionregistration/install
  - pkg/apis/admissionregistration/v1alpha1
  - pkg/apis/admissionregistration/v1beta1
  - pkg/apis/apps
  - pkg/apis/apps/install
  - pkg/apis/apps/v1
  - pkg/apis/apps/v1beta1
  - pkg/apis/apps/v1beta2
  - pkg/apis/authentication
  - pkg/apis/authentication/install
  - pkg/apis/authentication/v1
  - pkg/apis/authentication/v1beta1
  - pkg/apis/authorization
  - pkg/apis/authorization/install
  - pkg/apis/authorization/v1
  - pkg/apis/authorization/v1beta1
  - pkg/apis/autoscaling
  - pkg/apis/autoscaling/install
  - pkg/apis/autoscaling/v1
  - pkg/apis/autoscaling/v2beta1
  - pkg/apis/batch
  - pkg/apis/batch/install
  - pkg/apis/batch/v1
  - pkg/apis/batch/v1beta1
  - pkg/apis/batch/v2alpha1
  - pkg/apis/certificates
  - pkg/apis/certificates/install
  - pkg/apis/certificates/v1beta1
  - pkg/apis/componentconfig
  - pkg/apis/componentconfig/install
  - pkg/apis/componentconfig/v1alpha1
  - pkg/apis/core
  - pkg/apis/core/helper
  - pkg/apis/core/helper/qos
  - pkg/apis/core/install
  - pkg/apis/core/pods
  - pkg/apis/core/v1
  - pkg/apis/core/v1/helper
  - pkg/apis/core/validation
  - pkg/apis/events
  - pkg/apis/events/install
  - pkg/apis/events/v1beta1
  - pkg/apis/extensions
  - pkg/apis/extensions/install
  - pkg/apis/extensions/v1beta1
  - pkg/apis/networking
  - pkg/apis/networking/install
  - pkg/apis/networking/v1
  - pkg/apis/policy
  - pkg/apis/policy/install
  - pkg/apis/policy/v1beta1
  - pkg/apis/rbac
  - pkg/apis/rbac/install
  - pkg/apis/rbac/v1
  - pkg/apis/rbac/v1alpha1
  - pkg/apis/rbac/v1beta1
  - pkg/apis/scheduling
  - pkg/apis/scheduling/install
  - pkg/apis/scheduling/v1alpha1
  - pkg/apis/scheduling/v1beta1
  - pkg/apis/settings
  - pkg/apis/settings/install
  - pkg/apis/settings/v1alpha1
  - pkg/apis/storage
  - pkg/apis/storage/install
  - pkg/apis/storage/util
  - pkg/apis/storage/v1
  - pkg/apis/storage/v1alpha1
  - pkg/apis/storage/v1beta1
  - pkg/capabilities
  - pkg/client/clientset_generated/internalclientset
  - pkg/client/clientset_generated/internalclientset/scheme
  - pkg/client/clientset_generated/internalclientset/typed/admissionregistration/internalversion
  - pkg/client/clientset_generated/internalclientset/typed/apps/internalversion
  - pkg/client/clientset_generated/internalclientset/typed/authentication/internalversion
  - pkg/client/clientset_generated/internalclientset/typed/authorization/internalversion
  - pkg/client/clientset_generated/internalclientset/typed/autoscaling/internalversion
  - pkg/client/clientset_generated/internalclientset/typed/batch/internalversion
  - pkg/client/clientset_generated/internalclientset/typed/certificates/internalversion
  - pkg/client/clientset_generated/internalclientset/typed/core/internalversion
  - pkg/client/clientset_generated/internalclientset/typed/events/internalversion
  - pkg/client/clientset_generated/internalclientset/typed/extensions/internalversion
  - pkg/client/clientset_generated/internalclientset/typed/networking/internalversion
  - pkg/client/clientset_generated/internalclientset/typed/policy/internalversion
  - pkg/client/clientset_generated/internalclientset/typed/rbac/internalversion
  - pkg/client/clientset_generated/internalclientset/typed/scheduling/internalversion
  - pkg/client/clientset_generated/internalclientset/typed/settings/internalversion
  - pkg/client/clientset_generated/internalclientset/typed/storage/internalversion
  - pkg/controller
  - pkg/controller/deployment/util
  - pkg/credentialprovider
  - pkg/features
  - pkg/fieldpath
  - pkg/kubectl
  - pkg/kubectl/apps
  - pkg/kubectl/cmd/templates
  - pkg/kubectl/cmd/util
  - pkg/kubectl/cmd/util/openapi
  - pkg/kubectl/cmd/util/openapi/validation
  - pkg/kubectl/genericclioptions
  - pkg/kubectl/genericclioptions/openshiftpatch
  - pkg/kubectl/genericclioptions/printers
  - pkg/kubectl/genericclioptions/resource
  - pkg/kubectl/scheme
  - pkg/kubectl/util
  - pkg/kubectl/util/hash
  - pkg/kubectl/util/slice
  - pkg/kubectl/util/term
  - pkg/kubectl/validation
  - pkg/kubelet/apis
  - pkg/kubelet/types
  - pkg/master/ports
  - pkg/printers
  - pkg/printers/internalversion
  - pkg/registry/rbac/validation
  - pkg/scheduler/algorithm
  - pkg/scheduler/algorithm/priorities/util
  - pkg/scheduler/api
  - pkg/scheduler/cache
  - pkg/scheduler/util
  - pkg/security/apparmor
  - pkg/serviceaccount
  - pkg/util/file
  - pkg/util/hash
  - pkg/util/interrupt
  - pkg/util/labels
  - pkg/util/net/sets
  - pkg/util/node
  - pkg/util/parsers
  - pkg/util/pointer
  - pkg/util/slice
  - pkg/util/taints
  - pkg/version
- name: k8s.io/utils
  version: 258e2a2fa64568210fbd6267cf1d8fd87c3cb86e
  subpackages:
  - clock
  - exec
  - exec/testing
- name: vbom.ml/util
  version: db5cfe13f5cc80a4990d98e2e1b0707a4d1a5394
  subpackages:
  - sortorder
testImports: []
