hash: ee1e634a860751a583446a0060f0b03a96f2991ce95e6c15223eb5419d71a25c
updated: 2020-05-14T11:43:53.694825855-04:00
imports:
- name: github.com/Azure/go-ansiterm
  version: d6e3b3328b783f23731bc4d058875b0371ff8109
  subpackages:
  - winterm
- name: github.com/beorn7/perks
  version: 3ac7bf7a47d159a033b107610db8a1b6575507a4
  subpackages:
  - quantile
- name: github.com/blang/semver
  version: b38d23b8782a487059e8fc8773e9a5b228a77cb6
- name: github.com/BurntSushi/toml
  version: 3012a1dbe2e4bd1391d42b32f0577cb7bbc7f005
- name: github.com/certifi/gocertifi
  version: ee1a9a0726d2ae45f54118cac878c990d4016ded
- name: github.com/containerd/continuity
  version: aaeac12a7ffcd198ae25440a9dff125c2e2703a7
  subpackages:
  - pathdriver
- name: github.com/containernetworking/cni
  version: fbb95fff8a5239a4295c991efa8a397d43118f7e
  subpackages:
  - libcni
  - pkg/invoke
  - pkg/types
  - pkg/types/020
  - pkg/types/current
  - pkg/version
- name: github.com/containers/buildah
  version: 8c1c2c5819e14dc15ea1cd11faa7d0f74d607f61
  subpackages:
  - bind
  - chroot
  - docker
  - imagebuildah
  - pkg/blobcache
  - pkg/chrootuser
  - pkg/overlay
  - pkg/secrets
  - pkg/unshare
  - util
- name: github.com/containers/image
  version: 186df8702a61dd6ed16a88532ed9a10ddc679132
  subpackages:
  - copy
  - directory
  - directory/explicitfilepath
  - docker
  - docker/archive
  - docker/daemon
  - docker/policyconfiguration
  - docker/reference
  - docker/tarfile
  - image
  - internal/tmpdir
  - manifest
  - oci/archive
  - oci/internal
  - oci/layout
  - openshift
  - ostree
  - pkg/blobinfocache
  - pkg/blobinfocache/boltdb
  - pkg/blobinfocache/internal/prioritize
  - pkg/blobinfocache/memory
  - pkg/blobinfocache/none
  - pkg/compression
  - pkg/docker/config
  - pkg/keyctl
  - pkg/strslice
  - pkg/sysregistriesv2
  - pkg/tlsclientconfig
  - signature
  - storage
  - tarball
  - transports
  - transports/alltransports
  - types
  - version
- name: github.com/containers/storage
  version: 429125f17273e70fd1b52b0a6172007f58292a7d
  subpackages:
  - drivers
  - drivers/aufs
  - drivers/btrfs
  - drivers/copy
  - drivers/devmapper
  - drivers/overlay
  - drivers/overlayutils
  - drivers/quota
  - drivers/register
  - drivers/vfs
  - drivers/windows
  - drivers/zfs
  - pkg/archive
  - pkg/chrootarchive
  - pkg/config
  - pkg/devicemapper
  - pkg/directory
  - pkg/dmesg
  - pkg/fileutils
  - pkg/fsutils
  - pkg/homedir
  - pkg/idtools
  - pkg/ioutils
  - pkg/locker
  - pkg/lockfile
  - pkg/longpath
  - pkg/loopback
  - pkg/mount
  - pkg/parsers
  - pkg/parsers/kernel
  - pkg/pools
  - pkg/promise
  - pkg/reexec
  - pkg/stringid
  - pkg/stringutils
  - pkg/system
  - pkg/tarlog
  - pkg/truncindex
- name: github.com/cyphar/filepath-securejoin
  version: ae69057f2299fb9e5ba2df738607e6a505b74ab6
- name: github.com/davecgh/go-spew
  version: 782f4967f2dc4564575ca782fe2d04090b5faca8
  subpackages:
  - spew
- name: github.com/docker/distribution
  version: 16128bbac47f75050e82f7e91b04df33775e0c23
  subpackages:
  - digestset
  - metrics
  - reference
  - registry/api/errcode
  - registry/api/v2
  - registry/client
  - registry/client/auth/challenge
  - registry/client/transport
  - registry/storage/cache
  - registry/storage/cache/memory
- name: github.com/docker/docker
  version: a9fbbdc8dd8794b20af358382ab780559bca589d
  subpackages:
  - api
  - api/types
  - api/types/blkiodev
  - api/types/container
  - api/types/events
  - api/types/filters
  - api/types/image
  - api/types/mount
  - api/types/network
  - api/types/registry
  - api/types/strslice
  - api/types/swarm
  - api/types/swarm/runtime
  - api/types/time
  - api/types/versions
  - api/types/volume
  - cli/config
  - client
  - daemon/logger/jsonfilelog/jsonlog
  - opts
  - pkg/fileutils
  - pkg/homedir
  - pkg/idtools
  - pkg/ioutils
  - pkg/jsonmessage
  - pkg/longpath
  - pkg/mount
  - pkg/parsers
  - pkg/parsers/operatingsystem
  - pkg/pools
  - pkg/stdcopy
  - pkg/sysinfo
  - pkg/system
  - pkg/term
  - pkg/term/windows
- name: github.com/docker/docker-credential-helpers
  version: f78081d1f7fef6ad74ad6b79368de6348386e591
  subpackages:
  - client
  - credentials
- name: github.com/docker/go-connections
  version: 3ede32e2033de7505e6500d6c868c2b9ed9f169d
  subpackages:
  - nat
  - sockets
  - tlsconfig
- name: github.com/docker/go-metrics
  version: b619b3592b65de4f087d9f16863a7e6ff905973c
- name: github.com/docker/go-units
  version: 9e638d38cf6977a37a8ea0078f3ee75a7cdb2dd1
- name: github.com/docker/libnetwork
  version: a9cd636e37898226332c439363e2ed0ea185ae92
  subpackages:
  - ipamutils
  - resolvconf
  - resolvconf/dns
  - types
- name: github.com/docker/libtrust
  version: 9cbd2a1374f46905c68a4eb3694a130610adc62a
- name: github.com/docker/spdystream
  version: 449fdfce4d962303d702fec724ef0ad181c92528
  subpackages:
  - spdy
- name: github.com/emicklei/go-restful
  version: ff4f55a206334ef123e4f79bbf348980da81ca46
  subpackages:
  - log
- name: github.com/etcd-io/bbolt
  version: 35b666109344c1547e0135d0d17486746cc073f3
- name: github.com/evanphx/json-patch
  version: 5858425f75500d40c52783dce87d085a483ce135
- name: github.com/exponent-io/jsonpath
  version: d6023ce2651d8eafb5c75bb0c7167536102ec9f5
- name: github.com/fsouza/go-dockerclient
  version: ff9568be22191ade194515ed895fad125f89085e
  repo: https://github.com/openshift/go-dockerclient.git
  subpackages:
  - internal/archive
  - internal/jsonmessage
  - internal/term
- name: github.com/getsentry/raven-go
  version: c977f96e109525a5d8fa10a19165341f601f38b0
- name: github.com/ghodss/yaml
  version: c7ce16629ff4cd059ed96ed06419dd3856fd3577
- name: github.com/go-openapi/jsonpointer
  version: ef5f0afec364d3b9396b7b77b43dbe26bf1f8004
- name: github.com/go-openapi/jsonreference
  version: 8483a886a90412cd6858df4ea3483dce9c8e35a3
- name: github.com/go-openapi/spec
  version: 5bae59e25b21498baea7f9d46e9c147ec106a42e
- name: github.com/go-openapi/swag
  version: 5899d5c5e619fda5fa86e14795a835f473ca284c
- name: github.com/gogo/protobuf
  version: 342cbe0a04158f6dcb03ca0079991a51a4248c02
  subpackages:
  - proto
  - sortkeys
- name: github.com/golang/protobuf
  version: b4deda0973fb4c70b50d226b1af49f3da59f5265
  subpackages:
  - proto
  - ptypes
  - ptypes/any
  - ptypes/duration
  - ptypes/timestamp
- name: github.com/google/btree
  version: 7d79101e329e5a3adf994758c578dab82b90c017
- name: github.com/google/gofuzz
  version: 24818f796faf91cd76ec7bddd72458fbced7a6c1
- name: github.com/googleapis/gnostic
  version: 0c5108395e2debce0d731cf0287ddf7242066aba
  subpackages:
  - OpenAPIv2
  - compiler
  - extensions
- name: github.com/gorilla/mux
  version: 884b5ffcbd3a11b730f0b75f5c86ac408753c34d
- name: github.com/gregjones/httpcache
  version: 787624de3eb7bd915c329cba748687a3b22666a6
  subpackages:
  - diskcache
- name: github.com/hashicorp/errwrap
  version: 8a6fb523712970c966eefc6b39ed2c5e74880354
- name: github.com/hashicorp/go-multierror
  version: bdca7bb83f603b80ef756bb953fe1dafa9cd00a2
- name: github.com/imdario/mergo
  version: 9316a62528ac99aaecb4e47eadd6dc8aa6533d58
- name: github.com/inconshreveable/mousetrap
  version: 76626ae9c91c4f2a10f34cad8ce83ea42c93bb75
- name: github.com/ishidawataru/sctp
  version: 07191f837fedd2f13d1ec7b5f885f0f3ec54b1cb
- name: github.com/json-iterator/go
  version: ab8a2e0c74be9d3be70b3184d9acc634935ded82
- name: github.com/klauspost/compress
  version: 4a2d40e4b07e5b3d333bc0569facd0f2dbf4ef39
  subpackages:
  - flate
  - fse
  - huff0
  - snappy
  - zstd
  - zstd/internal/xxhash
- name: github.com/klauspost/pgzip
  version: 3fc4d32681e68458b92fa9b199d8953b1511d73f
- name: github.com/konsorten/go-windows-terminal-sequences
  version: edb144dfd453055e1e49a3d8b410a660b5a87613
- name: github.com/mailru/easyjson
  version: 2f5df55504ebc322e4d52d34df6a1f5b503bf26d
  subpackages:
  - buffer
  - jlexer
  - jwriter
- name: github.com/MakeNowJust/heredoc
  version: bb23615498cded5e105af4ce27de75b089cbe851
- name: github.com/mattn/go-isatty
  version: bf9a1dea1961e1d831824fb135332bfb8c10e8b8
- name: github.com/mattn/go-shellwords
  version: f8471b0a71ded0ab910825ee2cf230f25de000f1
- name: github.com/matttproud/golang_protobuf_extensions
  version: c12348ce28de40eed0136aa2b644d0ee0650e56c
  subpackages:
  - pbutil
- name: github.com/Microsoft/go-winio
  version: 97e4973ce50b2ff5f09635a57e2b88a037aae829
  subpackages:
  - archive/tar
  - backuptar
- name: github.com/Microsoft/hcsshim
  version: 69ac8d3f7fc10a0623f3a2655958a1a5bb71f58f
  subpackages:
  - hcn
  - internal/cni
  - internal/guestrequest
  - internal/guid
  - internal/hcs
  - internal/hcserror
  - internal/hns
  - internal/interop
  - internal/logfields
  - internal/longpath
  - internal/mergemaps
  - internal/regstate
  - internal/runhcs
  - internal/safefile
  - internal/schema1
  - internal/schema2
  - internal/timeout
  - internal/wclayer
- name: github.com/mistifyio/go-zfs
  version: 1b4ae6fb4e77b095934d4430860ff202060169f8
- name: github.com/mitchellh/go-wordwrap
  version: ad45545899c7b13c020ea92b2072220eefad42b8
- name: github.com/modern-go/concurrent
  version: bacd9c7ef1dd9b15be4a9909b8ac7a4e313eec94
- name: github.com/modern-go/reflect2
  version: 94122c33edd36123c84d5368cfb2b69df93a0ec8
- name: github.com/mtrmac/gpgme
  version: c3d28ade92cee62b3b6819332e3a7e38f564ff2c
- name: github.com/Nvveen/Gotty
  version: cd527374f1e5bff4938207604a14f2e38a9cf512
- name: github.com/opencontainers/go-digest
  version: ac19fd6e7483ff933754af248d80be865e543d22
- name: github.com/opencontainers/image-spec
  version: 372ad780f63454fbbbbcc7cf80e5b90245c13e13
  subpackages:
  - specs-go
  - specs-go/v1
- name: github.com/opencontainers/runc
  version: ccb5efd37fb7c86364786e9137e22948751de7ed
  subpackages:
  - libcontainer/apparmor
  - libcontainer/cgroups
  - libcontainer/configs
  - libcontainer/system
  - libcontainer/user
- name: github.com/opencontainers/runtime-spec
  version: 02137cd4e50b37a01665e1731fcd4ac2d2178230
  subpackages:
  - specs-go
- name: github.com/opencontainers/runtime-tools
  version: a4a33d4d2f6933bb8add5e1a6bf8f9374f09555b
  subpackages:
  - error
  - filepath
  - generate
  - generate/seccomp
  - specerror
  - validate
- name: github.com/opencontainers/selinux
  version: 3a1f366feb7aecbf7a0e71ac4cea88b31597de9e
  subpackages:
  - go-selinux
  - go-selinux/label
- name: github.com/openshift/api
  version: 8ce0047d664fc92a53ded23caef9ede2dc4468c6
  subpackages:
  - build/v1
- name: github.com/openshift/client-go
  version: 5a5508328169b8a6992ea4ef711add89ddce3c6d
  subpackages:
  - build/clientset/versioned
  - build/clientset/versioned/fake
  - build/clientset/versioned/scheme
  - build/clientset/versioned/typed/build/v1
  - build/clientset/versioned/typed/build/v1/fake
- name: github.com/openshift/imagebuilder
  version: dbd706cc5c39055f22107a81a10ffd0fea87e851
  subpackages:
  - dockerfile/command
  - dockerfile/parser
  - signal
  - strslice
- name: github.com/openshift/library-go
  version: d58edcb9e7bca8b6c77e261db8df547364f69fb2
  subpackages:
  - pkg/git
  - pkg/image/internal/digest
  - pkg/image/internal/reference
  - pkg/image/reference
  - pkg/serviceability
- name: github.com/openshift/source-to-image
  version: 2a579ecd66dfaf9ee21bbc860fcde8e4d1d12301
  subpackages:
  - pkg/api
  - pkg/api/constants
  - pkg/api/describe
  - pkg/api/validation
  - pkg/build
  - pkg/build/strategies
  - pkg/build/strategies/dockerfile
  - pkg/build/strategies/layered
  - pkg/build/strategies/onbuild
  - pkg/build/strategies/sti
  - pkg/docker
  - pkg/errors
  - pkg/ignore
  - pkg/scm
  - pkg/scm/downloaders/empty
  - pkg/scm/downloaders/file
  - pkg/scm/downloaders/git
  - pkg/scm/git
  - pkg/scripts
  - pkg/tar
  - pkg/util
  - pkg/util/cmd
  - pkg/util/cygpath
  - pkg/util/fs
  - pkg/util/interrupt
  - pkg/util/log
  - pkg/util/status
  - pkg/util/user
- name: github.com/ostreedev/ostree-go
  version: 759a8c1ac9139c5603b4324947bcc7d8127784ee
  subpackages:
  - pkg/glibobject
  - pkg/otbuiltin
- name: github.com/pborman/uuid
  version: ca53cad383cad2479bbba7f7a1a05797ec1386e4
- name: github.com/peterbourgon/diskv
  version: 5f041e8faa004a95c88a202771f4cc3e991971e6
- name: github.com/pkg/errors
  version: 614d223910a179a466c1767a985424175c39b465
- name: github.com/pkg/profile
  version: acd64d450fd45fb2afa41f833f3788c8a7797219
- name: github.com/pquerna/ffjson
  version: af8b230fcd2007c7095168ca8ab94c68b60840c6
  subpackages:
  - fflib/v1
  - fflib/v1/internal
  - inception
  - shared
- name: github.com/prometheus/client_golang
  version: 505eaef017263e299324067d40ca2c48f6a2cf50
  subpackages:
  - prometheus
  - prometheus/internal
  - prometheus/promhttp
  - prometheus/testutil
- name: github.com/prometheus/client_model
  version: fa8ad6fec33561be4280a8f0514318c79d7f6cb6
  subpackages:
  - go
- name: github.com/prometheus/common
  version: cfeb6f9992ffa54aaa4f2170ade4067ee478b250
  subpackages:
  - expfmt
  - internal/bitbucket.org/ww/goautoneg
  - model
- name: github.com/prometheus/procfs
  version: 65c1f6f8f0fc1e2185eb9863a3bc751496404259
  subpackages:
  - xfs
- name: github.com/PuerkitoBio/purell
  version: 8a290539e2e8629dbc4e6bad948158f790ec31f4
- name: github.com/PuerkitoBio/urlesc
  version: 5bd2802263f21d8788851d5305584c82a5c75d7e
- name: github.com/russross/blackfriday
  version: 300106c228d52c8941d4b3de6054a6062a86dda3
- name: github.com/seccomp/containers-golang
  version: f145e54aff2c46623079c255b787dafe16ac74dd
- name: github.com/seccomp/libseccomp-golang
  version: 1b506fc7c24eec5a3693cdcbed40d9c226cfc6a1
- name: github.com/shurcooL/sanitized_anchor_name
  version: 10ef21a441db47d8b13ebcc5fd2310f636973c77
- name: github.com/sirupsen/logrus
  version: 60c74ad9be0d874af0ab0daef6ab07c5c5911f0d
- name: github.com/spf13/cobra
  version: b80588d523ec50c7fee20218426cf2ff70920f06
- name: github.com/spf13/pflag
  version: 583c0c0531f06d5278b7d917446061adc344b5cd
- name: github.com/syndtr/gocapability
  version: e7cb7fa329f456b3855136a2642b197bad7366ba
  subpackages:
  - capability
- name: github.com/tchap/go-patricia
  version: a7f0089c6f496e8e70402f61733606daa326cac5
  subpackages:
  - patricia
- name: github.com/ulikunitz/xz
  version: 067145b4480ef600b25a0403f386ea25ffe42fd5
  subpackages:
  - internal/hash
  - internal/xlog
  - lzma
- name: github.com/vbatts/tar-split
  version: 620714a4c508c880ac1bdda9c8370a2b19af1a55
  subpackages:
  - archive/tar
  - tar/asm
  - tar/storage
- name: github.com/vbauerster/mpb
  version: b1fa246876b8398a7e3aad2000ef5c0b1a0b58fe
  subpackages:
  - cwriter
  - decor
  - internal
- name: github.com/VividCortex/ewma
  version: 5c04cd146b30136f1fde792effc2453a0b1c311e
- name: github.com/xeipuuv/gojsonpointer
  version: 6fe8760cad3569743d51ddbb243b26f8456742dc
- name: github.com/xeipuuv/gojsonreference
  version: e02fc20de94c78484cd5ffb007f8af96be030a45
- name: github.com/xeipuuv/gojsonschema
  version: 0c8571ac0ce161a5feb57375a9cdf148c98c0f70
- name: golang.org/x/crypto
  version: de0752318171da717af4ce24d0a2e8626afaeb11
  subpackages:
  - bcrypt
  - blowfish
  - cast5
  - cryptobyte
  - cryptobyte/asn1
  - curve25519
  - ed25519
  - ed25519/internal/edwards25519
  - internal/chacha20
  - internal/subtle
  - nacl/secretbox
  - ocsp
  - openpgp
  - openpgp/armor
  - openpgp/elgamal
  - openpgp/errors
  - openpgp/packet
  - openpgp/s2k
  - pkcs12
  - pkcs12/internal/rc2
  - poly1305
  - salsa20/salsa
  - ssh
  - ssh/terminal
- name: golang.org/x/net
  version: 65e2d4e15006aab9813ff8769e768bbf4bb667a0
  subpackages:
  - context
  - context/ctxhttp
  - html
  - html/atom
  - http/httpguts
  - http2
  - http2/hpack
  - idna
  - internal/socks
  - proxy
  - websocket
- name: golang.org/x/oauth2
  version: a6bd8cefa1811bd24b86f8902872e4e8225f74c4
  subpackages:
  - google
  - internal
  - jws
  - jwt
- name: golang.org/x/sync
  version: 43a5402ce75a95522677f77c619865d66b8c57ab
  subpackages:
  - semaphore
- name: golang.org/x/sys
  version: 953cdadca894cdc07be76fc99f95b40c28f06623
  subpackages:
  - unix
  - windows
- name: golang.org/x/text
  version: b19bf474d317b857955b12035d2c5acb57ce8b01
  subpackages:
  - cases
  - encoding
  - encoding/internal
  - encoding/internal/identifier
  - encoding/unicode
  - internal
  - internal/tag
  - internal/utf8internal
  - language
  - runes
  - secure/bidirule
  - secure/precis
  - transform
  - unicode/bidi
  - unicode/norm
  - width
- name: golang.org/x/time
  version: f51c12702a4d776e4c1fa9b0fabab841babae631
  subpackages:
  - rate
- name: google.golang.org/appengine
  version: 54a98f90d1c46b7731eb8fb305d2a321c30ef610
  subpackages:
  - internal
  - internal/base
  - internal/datastore
  - internal/log
  - internal/remote_api
  - internal/urlfetch
  - urlfetch
- name: gopkg.in/inf.v0
  version: 3887ee99ecf07df5b447e9b00d9c0b2adaa9f3e4
- name: gopkg.in/yaml.v2
  version: 5420a8b6744d3b0345ab293f6fcba19c978f1183
- name: k8s.io/api
  version: 40a48860b5abbba9aa891b02b32da429b08d96a0
  subpackages:
  - admission/v1beta1
  - admissionregistration/v1beta1
  - apps/v1
  - apps/v1beta1
  - apps/v1beta2
  - auditregistration/v1alpha1
  - authentication/v1
  - authentication/v1beta1
  - authorization/v1
  - authorization/v1beta1
  - autoscaling/v1
  - autoscaling/v2beta1
  - autoscaling/v2beta2
  - batch/v1
  - batch/v1beta1
  - batch/v2alpha1
  - certificates/v1beta1
  - coordination/v1
  - coordination/v1beta1
  - core/v1
  - events/v1beta1
  - extensions/v1beta1
  - imagepolicy/v1alpha1
  - networking/v1
  - networking/v1beta1
  - node/v1alpha1
  - node/v1beta1
  - policy/v1beta1
  - rbac/v1
  - rbac/v1alpha1
  - rbac/v1beta1
  - scheduling/v1
  - scheduling/v1alpha1
  - scheduling/v1beta1
  - settings/v1alpha1
  - storage/v1
  - storage/v1alpha1
  - storage/v1beta1
- name: k8s.io/apimachinery
  version: d19092a3cc0aed3b90dfa6bbbeb9f24fe11ddd2d
  repo: https://github.com/openshift/kubernetes-apimachinery.git
  subpackages:
  - pkg/api/equality
  - pkg/api/errors
  - pkg/api/meta
  - pkg/api/resource
  - pkg/api/validation
  - pkg/apis/meta/v1
  - pkg/apis/meta/v1/unstructured
  - pkg/apis/meta/v1/unstructured/unstructuredscheme
  - pkg/apis/meta/v1/validation
  - pkg/apis/meta/v1beta1
  - pkg/conversion
  - pkg/conversion/queryparams
  - pkg/fields
  - pkg/labels
  - pkg/runtime
  - pkg/runtime/schema
  - pkg/runtime/serializer
  - pkg/runtime/serializer/json
  - pkg/runtime/serializer/protobuf
  - pkg/runtime/serializer/recognizer
  - pkg/runtime/serializer/streaming
  - pkg/runtime/serializer/versioning
  - pkg/selection
  - pkg/types
  - pkg/util/clock
  - pkg/util/diff
  - pkg/util/errors
  - pkg/util/framer
  - pkg/util/httpstream
  - pkg/util/httpstream/spdy
  - pkg/util/intstr
  - pkg/util/json
  - pkg/util/mergepatch
  - pkg/util/naming
  - pkg/util/net
  - pkg/util/remotecommand
  - pkg/util/runtime
  - pkg/util/sets
  - pkg/util/strategicpatch
  - pkg/util/uuid
  - pkg/util/validation
  - pkg/util/validation/field
  - pkg/util/wait
  - pkg/util/yaml
  - pkg/version
  - pkg/watch
  - third_party/forked/golang/json
  - third_party/forked/golang/netutil
  - third_party/forked/golang/reflect
- name: k8s.io/cli-runtime
  version: a9444fab08246283f19c8ab752bf8cc10bf0fd18
  repo: https://github.com/openshift/kubernetes-cli-runtime.git
  subpackages:
  - pkg/genericclioptions
  - pkg/genericclioptions/openshiftpatch
  - pkg/kustomize
  - pkg/kustomize/k8sdeps
  - pkg/kustomize/k8sdeps/configmapandsecret
  - pkg/kustomize/k8sdeps/kunstruct
  - pkg/kustomize/k8sdeps/kv
  - pkg/kustomize/k8sdeps/transformer
  - pkg/kustomize/k8sdeps/transformer/hash
  - pkg/kustomize/k8sdeps/transformer/patch
  - pkg/kustomize/k8sdeps/validator
  - pkg/printers
  - pkg/resource
- name: k8s.io/client-go
  version: 70952d66b5d131aa0142ceaebfe6d6da51178878
  repo: https://github.com/openshift/kubernetes-client-go.git
  subpackages:
  - discovery
  - discovery/cached/disk
  - discovery/fake
  - dynamic
  - kubernetes
  - kubernetes/scheme
  - kubernetes/typed/admissionregistration/v1beta1
  - kubernetes/typed/apps/v1
  - kubernetes/typed/apps/v1beta1
  - kubernetes/typed/apps/v1beta2
  - kubernetes/typed/auditregistration/v1alpha1
  - kubernetes/typed/authentication/v1
  - kubernetes/typed/authentication/v1beta1
  - kubernetes/typed/authorization/v1
  - kubernetes/typed/authorization/v1beta1
  - kubernetes/typed/autoscaling/v1
  - kubernetes/typed/autoscaling/v2beta1
  - kubernetes/typed/autoscaling/v2beta2
  - kubernetes/typed/batch/v1
  - kubernetes/typed/batch/v1beta1
  - kubernetes/typed/batch/v2alpha1
  - kubernetes/typed/certificates/v1beta1
  - kubernetes/typed/coordination/v1
  - kubernetes/typed/coordination/v1beta1
  - kubernetes/typed/core/v1
  - kubernetes/typed/events/v1beta1
  - kubernetes/typed/extensions/v1beta1
  - kubernetes/typed/networking/v1
  - kubernetes/typed/networking/v1beta1
  - kubernetes/typed/node/v1alpha1
  - kubernetes/typed/node/v1beta1
  - kubernetes/typed/policy/v1beta1
  - kubernetes/typed/rbac/v1
  - kubernetes/typed/rbac/v1alpha1
  - kubernetes/typed/rbac/v1beta1
  - kubernetes/typed/scheduling/v1
  - kubernetes/typed/scheduling/v1alpha1
  - kubernetes/typed/scheduling/v1beta1
  - kubernetes/typed/settings/v1alpha1
  - kubernetes/typed/storage/v1
  - kubernetes/typed/storage/v1alpha1
  - kubernetes/typed/storage/v1beta1
  - pkg/apis/clientauthentication
  - pkg/apis/clientauthentication/v1alpha1
  - pkg/apis/clientauthentication/v1beta1
  - pkg/version
  - plugin/pkg/client/auth/exec
  - rest
  - rest/watch
  - restmapper
  - scale
  - scale/scheme
  - scale/scheme/appsint
  - scale/scheme/appsv1beta1
  - scale/scheme/appsv1beta2
  - scale/scheme/autoscalingv1
  - scale/scheme/extensionsint
  - scale/scheme/extensionsv1beta1
  - testing
  - third_party/forked/golang/template
  - tools/auth
  - tools/clientcmd
  - tools/clientcmd/api
  - tools/clientcmd/api/latest
  - tools/clientcmd/api/v1
  - tools/metrics
  - tools/reference
  - tools/remotecommand
  - transport
  - transport/spdy
  - util/cert
  - util/connrotation
  - util/exec
  - util/flowcontrol
  - util/homedir
  - util/jsonpath
  - util/keyutil
- name: k8s.io/component-base
  version: 4a91899592f42b2f5859587cc5a676a5b94d2ee3
  subpackages:
  - logs
- name: k8s.io/klog
  version: aeddeeced515f4c31fa65bfc24332b3e7763cc5c
- name: k8s.io/kube-openapi
  version: b3a7cee44a305be0a69e1b9ac03018307287e1b0
  subpackages:
  - pkg/common
  - pkg/util/proto
  - pkg/util/proto/validation
- name: k8s.io/kubernetes
  version: c7e4edcfd9c61753bc62214abb138c3c2c3b131c
  repo: https://github.com/openshift/kubernetes.git
  subpackages:
  - pkg/credentialprovider
  - pkg/kubectl/cmd/util
  - pkg/kubectl/cmd/util/openapi
  - pkg/kubectl/cmd/util/openapi/validation
  - pkg/kubectl/scheme
  - pkg/kubectl/util/templates
  - pkg/kubectl/util/term
  - pkg/kubectl/validation
  - pkg/util/interrupt
  - pkg/version
- name: k8s.io/utils
  version: c2654d5206da6b7b6ace12841e8f359bb89b443c
  subpackages:
  - exec
  - integer
  - pointer
- name: sigs.k8s.io/kustomize
  version: a6f65144121d1955266b0cd836ce954c04122dc8
  subpackages:
  - pkg/commands/build
  - pkg/constants
  - pkg/expansion
  - pkg/factory
  - pkg/fs
  - pkg/git
  - pkg/gvk
  - pkg/ifc
  - pkg/ifc/transformer
  - pkg/image
  - pkg/internal/error
  - pkg/loader
  - pkg/patch
  - pkg/patch/transformer
  - pkg/resid
  - pkg/resmap
  - pkg/resource
  - pkg/target
  - pkg/transformers
  - pkg/transformers/config
  - pkg/transformers/config/defaultconfig
  - pkg/types
- name: sigs.k8s.io/yaml
  version: fd68e9863619f6ec2fdd8625fe1f02e7c877e480
testImports: []
